<?xml version="1.0" encoding="UTF-8" standalone="yes" ?>
<CodeBlocks_project_file>
	<FileVersion major="1" minor="6" />
	<Project>
		<Option title="Snake2" />
		<Option pch_mode="2" />
		<Option compiler="gcc" />
		<Build>
			<Target title="Debug">
				<Option output="bin/Debug/Snake2" prefix_auto="1" extension_auto="1" />
				<Option object_output="obj/Debug/" />
				<Option type="1" />
				<Option compiler="gcc" />
				<Compiler>
					<Add option="-g" />
				</Compiler>
				<Linker>
					<Add library="C:\SDL32\SDL_TTF\lib\libSDL2_ttf.dll.a" />
					<Add library="C:\SDL32\SDL_TTF\lib\libSDL2_ttf.a" />
				</Linker>
			</Target>
			<Target title="Release">
				<Option output="bin/Release/Snake2" prefix_auto="1" extension_auto="1" />
				<Option object_output="obj/Release/" />
				<Option type="1" />
				<Option compiler="gcc" />
				<Compiler>
					<Add option="-O2" />
				</Compiler>
				<Linker>
					<Add option="-s" />
				</Linker>
			</Target>
		</Build>
		<Compiler>
			<Add option="-Wall" />
		</Compiler>
		<Unit filename="CApp.cpp" />
		<Unit filename="CApp.h" />
		<Unit filename="CApp_OnCleanup.cpp" />
		<Unit filename="CApp_OnEvent.cpp" />
		<Unit filename="CApp_OnInit.cpp" />
		<Unit filename="CApp_OnLoop.cpp" />
		<Unit filename="CApp_OnRender.cpp" />
		<Unit filename="CFruit.cpp" />
		<Unit filename="CFruit.h" />
		<Unit filename="CMap.cpp" />
		<Unit filename="CMap.h" />
		<Unit filename="CMessage.cpp" />
		<Unit filename="CMessage.h" />
		<Unit filename="CScore.cpp" />
		<Unit filename="CScore.h" />
		<Unit filename="CSnake.cpp" />
		<Unit filename="CSnake.h" />
		<Unit filename="CTile.cpp" />
		<Unit filename="CTile.h" />
		<Unit filename="Define.h" />
		<Extensions>
			<code_completion />
			<envvars />
			<debugger />
			<lib_finder disable_auto="1" />
		</Extensions>
	</Project>
</CodeBlocks_project_file>
